
Microsoft Visual Studio Solution File, Format Version 12.00
# Visual Studio Version 16
VisualStudioVersion = 16.0.29709.97
MinimumVisualStudioVersion = 10.0.40219.1
Project("{FAE04EC0-301F-11D3-BF4B-00C04F79EFBC}") = "Postagem", "Postagem\Postagem.csproj", "{4F74425A-9325-4BB9-B138-5EA4426D0633}"
EndProject
Global
	GlobalSection(SolutionConfigurationPlatforms) = preSolution
		Debug|Any CPU = Debug|Any CPU
		Release|Any CPU = Release|Any CPU
	EndGlobalSection
	GlobalSection(ProjectConfigurationPlatforms) = postSolution
		{4F74425A-9325-4BB9-B138-5EA4426D0633}.Debug|Any CPU.ActiveCfg = Debug|Any CPU
		{4F74425A-9325-4BB9-B138-5EA4426D0633}.Debug|Any CPU.Build.0 = Debug|Any CPU
		{4F74425A-9325-4BB9-B138-5EA4426D0633}.Release|Any CPU.ActiveCfg = Release|Any CPU
		{4F74425A-9325-4BB9-B138-5EA4426D0633}.Release|Any CPU.Build.0 = Release|Any CPU
	EndGlobalSection
	GlobalSection(SolutionProperties) = preSolution
		HideSolutionNode = FALSE
	EndGlobalSection
	GlobalSection(ExtensibilityGlobals) = postSolution
		SolutionGuid = {82ED5870-565D-4F14-A1B0-D627A59AE159}
	EndGlobalSection
EndGlobal
